
Microsoft Visual Studio Solution File, Format Version 12.00
# Visual Studio 15
VisualStudioVersion = 15.0.27703.2035
MinimumVisualStudioVersion = 10.0.40219.1
Project("{FAE04EC0-301F-11D3-BF4B-00C04F79EFBC}") = "PS4 Debugger", "DOOM PS4\PS4 Debugger.csproj", "{90CF120C-A3A8-4DC8-8001-F58D644AD5EE}"
EndProject
Global
	GlobalSection(SolutionConfigurationPlatforms) = preSolution
		Debug|Any CPU = Debug|Any CPU
		Release|Any CPU = Release|Any CPU
	EndGlobalSection
	GlobalSection(ProjectConfigurationPlatforms) = postSolution
		{90CF120C-A3A8-4DC8-8001-F58D644AD5EE}.Debug|Any CPU.ActiveCfg = Debug|Any CPU
		{90CF120C-A3A8-4DC8-8001-F58D644AD5EE}.Debug|Any CPU.Build.0 = Debug|Any CPU
		{90CF120C-A3A8-4DC8-8001-F58D644AD5EE}.Release|Any CPU.ActiveCfg = Release|Any CPU
		{90CF120C-A3A8-4DC8-8001-F58D644AD5EE}.Release|Any CPU.Build.0 = Release|Any CPU
	EndGlobalSection
	GlobalSection(SolutionProperties) = preSolution
		HideSolutionNode = FALSE
	EndGlobalSection
	GlobalSection(ExtensibilityGlobals) = postSolution
		SolutionGuid = {CA37B6D6-D765-4CFF-99E2-726BD4DB76C5}
	EndGlobalSection
EndGlobal
